
Microsoft Visual Studio Solution File, Format Version 12.00
# Visual Studio Version 17
VisualStudioVersion = 17.14.36109.1
MinimumVisualStudioVersion = 10.0.40219.1
Project("{FAE04EC0-301F-11D3-BF4B-00C04F79EFBC}") = "MeterAPI", "MeterAPI\MeterAPI.csproj", "{F7C46EA0-EEC4-4E6E-9537-E22A6A966264}"
EndProject
Project("{2150E333-8FDC-42A3-9474-1A3956D46DE8}") = "Tests", "Tests", "{02EA681E-C7D8-13C7-8484-4AC65E1B71E8}"
EndProject
Project("{FAE04EC0-301F-11D3-BF4B-00C04F79EFBC}") = "MeterAPI.Tests", "MeterAPI.Tests\MeterAPI.Tests.csproj", "{A57A4B40-7A3B-4701-AA10-38469EE4AC62}"
EndProject
Project("{2150E333-8FDC-42A3-9474-1A3956D46DE8}") = "Solution Items", "Solution Items", "{BF95EFD5-B8AE-4374-B17C-9C577C52EEB1}"
	ProjectSection(SolutionItems) = preProject
		..\MeterReadings.mdf = ..\MeterReadings.mdf
	EndProjectSection
EndProject
Project("{FAE04EC0-301F-11D3-BF4B-00C04F79EFBC}") = "MeterAPI.Contracts", "MeterAPI.Contracts\MeterAPI.Contracts.csproj", "{65D2EF83-518A-9CFB-4D38-42541EDE3ADC}"
EndProject
Project("{FAE04EC0-301F-11D3-BF4B-00C04F79EFBC}") = "MeterAPI.Domain", "MeterAPI.Domain\MeterAPI.Domain.csproj", "{B6FA5BC0-7F99-1E87-57D0-8E348067B8FB}"
EndProject
Global
	GlobalSection(SolutionConfigurationPlatforms) = preSolution
		Debug|Any CPU = Debug|Any CPU
		Release|Any CPU = Release|Any CPU
	EndGlobalSection
	GlobalSection(ProjectConfigurationPlatforms) = postSolution
		{F7C46EA0-EEC4-4E6E-9537-E22A6A966264}.Debug|Any CPU.ActiveCfg = Debug|Any CPU
		{F7C46EA0-EEC4-4E6E-9537-E22A6A966264}.Debug|Any CPU.Build.0 = Debug|Any CPU
		{F7C46EA0-EEC4-4E6E-9537-E22A6A966264}.Release|Any CPU.ActiveCfg = Release|Any CPU
		{F7C46EA0-EEC4-4E6E-9537-E22A6A966264}.Release|Any CPU.Build.0 = Release|Any CPU
		{A57A4B40-7A3B-4701-AA10-38469EE4AC62}.Debug|Any CPU.ActiveCfg = Debug|Any CPU
		{A57A4B40-7A3B-4701-AA10-38469EE4AC62}.Debug|Any CPU.Build.0 = Debug|Any CPU
		{A57A4B40-7A3B-4701-AA10-38469EE4AC62}.Release|Any CPU.ActiveCfg = Release|Any CPU
		{A57A4B40-7A3B-4701-AA10-38469EE4AC62}.Release|Any CPU.Build.0 = Release|Any CPU
		{65D2EF83-518A-9CFB-4D38-42541EDE3ADC}.Debug|Any CPU.ActiveCfg = Debug|Any CPU
		{65D2EF83-518A-9CFB-4D38-42541EDE3ADC}.Debug|Any CPU.Build.0 = Debug|Any CPU
		{65D2EF83-518A-9CFB-4D38-42541EDE3ADC}.Release|Any CPU.ActiveCfg = Release|Any CPU
		{65D2EF83-518A-9CFB-4D38-42541EDE3ADC}.Release|Any CPU.Build.0 = Release|Any CPU
		{B6FA5BC0-7F99-1E87-57D0-8E348067B8FB}.Debug|Any CPU.ActiveCfg = Debug|Any CPU
		{B6FA5BC0-7F99-1E87-57D0-8E348067B8FB}.Debug|Any CPU.Build.0 = Debug|Any CPU
		{B6FA5BC0-7F99-1E87-57D0-8E348067B8FB}.Release|Any CPU.ActiveCfg = Release|Any CPU
		{B6FA5BC0-7F99-1E87-57D0-8E348067B8FB}.Release|Any CPU.Build.0 = Release|Any CPU
	EndGlobalSection
	GlobalSection(SolutionProperties) = preSolution
		HideSolutionNode = FALSE
	EndGlobalSection
	GlobalSection(NestedProjects) = preSolution
		{A57A4B40-7A3B-4701-AA10-38469EE4AC62} = {02EA681E-C7D8-13C7-8484-4AC65E1B71E8}
	EndGlobalSection
	GlobalSection(ExtensibilityGlobals) = postSolution
		SolutionGuid = {EE7DBE07-372D-4D13-AC23-B9561E793334}
	EndGlobalSection
EndGlobal
